
Microsoft Visual Studio Solution File, Format Version 12.00
# Visual Studio Version 17
VisualStudioVersion = 17.5.002.0
MinimumVisualStudioVersion = 10.0.40219.1
Project("{9A19103F-16F7-4668-BE54-9A1E7A4F7556}") = "task1", "task1\task1.csproj", "{41FC837E-AD72-47D8-877F-3434242C9891}"
EndProject
Project("{9A19103F-16F7-4668-BE54-9A1E7A4F7556}") = "task2", "task2\task2.csproj", "{9540F501-AC22-4B06-AFFA-292E56C22DA7}"
EndProject
Project("{9A19103F-16F7-4668-BE54-9A1E7A4F7556}") = "task3", "task3\task3.csproj", "{A17C6E4C-F6B1-4777-AC07-950A626AF04F}"
EndProject
Project("{9A19103F-16F7-4668-BE54-9A1E7A4F7556}") = "task4", "task4\task4.csproj", "{042A2B58-E40A-494B-9AB0-5D5013A7FCF3}"
EndProject
Project("{9A19103F-16F7-4668-BE54-9A1E7A4F7556}") = "task5", "task5\task5.csproj", "{C965F505-2020-4FAC-B860-83C989AFD90D}"
EndProject
Global
	GlobalSection(SolutionConfigurationPlatforms) = preSolution
		Debug|Any CPU = Debug|Any CPU
		Release|Any CPU = Release|Any CPU
	EndGlobalSection
	GlobalSection(ProjectConfigurationPlatforms) = postSolution
		{41FC837E-AD72-47D8-877F-3434242C9891}.Debug|Any CPU.ActiveCfg = Debug|Any CPU
		{41FC837E-AD72-47D8-877F-3434242C9891}.Debug|Any CPU.Build.0 = Debug|Any CPU
		{41FC837E-AD72-47D8-877F-3434242C9891}.Release|Any CPU.ActiveCfg = Release|Any CPU
		{41FC837E-AD72-47D8-877F-3434242C9891}.Release|Any CPU.Build.0 = Release|Any CPU
		{9540F501-AC22-4B06-AFFA-292E56C22DA7}.Debug|Any CPU.ActiveCfg = Debug|Any CPU
		{9540F501-AC22-4B06-AFFA-292E56C22DA7}.Debug|Any CPU.Build.0 = Debug|Any CPU
		{9540F501-AC22-4B06-AFFA-292E56C22DA7}.Release|Any CPU.ActiveCfg = Release|Any CPU
		{9540F501-AC22-4B06-AFFA-292E56C22DA7}.Release|Any CPU.Build.0 = Release|Any CPU
		{A17C6E4C-F6B1-4777-AC07-950A626AF04F}.Debug|Any CPU.ActiveCfg = Debug|Any CPU
		{A17C6E4C-F6B1-4777-AC07-950A626AF04F}.Debug|Any CPU.Build.0 = Debug|Any CPU
		{A17C6E4C-F6B1-4777-AC07-950A626AF04F}.Release|Any CPU.ActiveCfg = Release|Any CPU
		{A17C6E4C-F6B1-4777-AC07-950A626AF04F}.Release|Any CPU.Build.0 = Release|Any CPU
		{042A2B58-E40A-494B-9AB0-5D5013A7FCF3}.Debug|Any CPU.ActiveCfg = Debug|Any CPU
		{042A2B58-E40A-494B-9AB0-5D5013A7FCF3}.Debug|Any CPU.Build.0 = Debug|Any CPU
		{042A2B58-E40A-494B-9AB0-5D5013A7FCF3}.Release|Any CPU.ActiveCfg = Release|Any CPU
		{042A2B58-E40A-494B-9AB0-5D5013A7FCF3}.Release|Any CPU.Build.0 = Release|Any CPU
		{C965F505-2020-4FAC-B860-83C989AFD90D}.Debug|Any CPU.ActiveCfg = Debug|Any CPU
		{C965F505-2020-4FAC-B860-83C989AFD90D}.Debug|Any CPU.Build.0 = Debug|Any CPU
		{C965F505-2020-4FAC-B860-83C989AFD90D}.Release|Any CPU.ActiveCfg = Release|Any CPU
		{C965F505-2020-4FAC-B860-83C989AFD90D}.Release|Any CPU.Build.0 = Release|Any CPU
	EndGlobalSection
	GlobalSection(SolutionProperties) = preSolution
		HideSolutionNode = FALSE
	EndGlobalSection
	GlobalSection(ExtensibilityGlobals) = postSolution
		SolutionGuid = {09EDA729-E80B-4A74-AC42-2A011993395F}
	EndGlobalSection
EndGlobal
